// !$*UTF8*$!
{
	archiveVersion = 1;
	classes = {
	};
	objectVersion = 50;
	objects = {

/* Begin PBXBuildFile section */
		6123E67E2427AFBB00B43C85 /* AppDelegate.swift in Sources */ = {isa = PBXBuildFile; fileRef = 6123E67D2427AFBB00B43C85 /* AppDelegate.swift */; };
		6123E6802427AFBB00B43C85 /* SceneDelegate.swift in Sources */ = {isa = PBXBuildFile; fileRef = 6123E67F2427AFBB00B43C85 /* SceneDelegate.swift */; };
		6123E6852427AFBB00B43C85 /* Main.storyboard in Resources */ = {isa = PBXBuildFile; fileRef = 6123E6832427AFBB00B43C85 /* Main.storyboard */; };
		6123E6872427AFBE00B43C85 /* Assets.xcassets in Resources */ = {isa = PBXBuildFile; fileRef = 6123E6862427AFBE00B43C85 /* Assets.xcassets */; };
		6123E68A2427AFBE00B43C85 /* LaunchScreen.storyboard in Resources */ = {isa = PBXBuildFile; fileRef = 6123E6882427AFBE00B43C85 /* LaunchScreen.storyboard */; };
		6123E69A2427B0B600B43C85 /* MainTabController.swift in Sources */ = {isa = PBXBuildFile; fileRef = 6123E6992427B0B600B43C85 /* MainTabController.swift */; };
		6123E69C2427B39A00B43C85 /* FeedController.swift in Sources */ = {isa = PBXBuildFile; fileRef = 6123E69B2427B39A00B43C85 /* FeedController.swift */; };
		6123E69E2427B3CB00B43C85 /* ExploreController.swift in Sources */ = {isa = PBXBuildFile; fileRef = 6123E69D2427B3CB00B43C85 /* ExploreController.swift */; };
		6123E6A02427B3DC00B43C85 /* NotificationsController.swift in Sources */ = {isa = PBXBuildFile; fileRef = 6123E69F2427B3DC00B43C85 /* NotificationsController.swift */; };
		6123E6A22427B3ED00B43C85 /* ConversationsController.swift in Sources */ = {isa = PBXBuildFile; fileRef = 6123E6A12427B3ED00B43C85 /* ConversationsController.swift */; };
		6123E6A42427BE8300B43C85 /* Extensions.swift in Sources */ = {isa = PBXBuildFile; fileRef = 6123E6A32427BE8300B43C85 /* Extensions.swift */; };
/* End PBXBuildFile section */

/* Begin PBXFileReference section */
		6123E67A2427AFBB00B43C85 /* Twitter_Clone_App.app */ = {isa = PBXFileReference; explicitFileType = wrapper.application; includeInIndex = 0; path = Twitter_Clone_App.app; sourceTree = BUILT_PRODUCTS_DIR; };
		6123E67D2427AFBB00B43C85 /* AppDelegate.swift */ = {isa = PBXFileReference; lastKnownFileType = sourcecode.swift; path = AppDelegate.swift; sourceTree = "<group>"; };
		6123E67F2427AFBB00B43C85 /* SceneDelegate.swift */ = {isa = PBXFileReference; lastKnownFileType = sourcecode.swift; path = SceneDelegate.swift; sourceTree = "<group>"; };
		6123E6842427AFBB00B43C85 /* Base */ = {isa = PBXFileReference; lastKnownFileType = file.storyboard; name = Base; path = Base.lproj/Main.storyboard; sourceTree = "<group>"; };
		6123E6862427AFBE00B43C85 /* Assets.xcassets */ = {isa = PBXFileReference; lastKnownFileType = folder.assetcatalog; path = Assets.xcassets; sourceTree = "<group>"; };
		6123E6892427AFBE00B43C85 /* Base */ = {isa = PBXFileReference; lastKnownFileType = file.storyboard; name = Base; path = Base.lproj/LaunchScreen.storyboard; sourceTree = "<group>"; };
		6123E68B2427AFBE00B43C85 /* Info.plist */ = {isa = PBXFileReference; lastKnownFileType = text.plist.xml; path = Info.plist; sourceTree = "<group>"; };
		6123E6992427B0B600B43C85 /* MainTabController.swift */ = {isa = PBXFileReference; lastKnownFileType = sourcecode.swift; path = MainTabController.swift; sourceTree = "<group>"; };
		6123E69B2427B39A00B43C85 /* FeedController.swift */ = {isa = PBXFileReference; lastKnownFileType = sourcecode.swift; path = FeedController.swift; sourceTree = "<group>"; };
		6123E69D2427B3CB00B43C85 /* ExploreController.swift */ = {isa = PBXFileReference; lastKnownFileType = sourcecode.swift; path = ExploreController.swift; sourceTree = "<group>"; };
		6123E69F2427B3DC00B43C85 /* NotificationsController.swift */ = {isa = PBXFileReference; lastKnownFileType = sourcecode.swift; path = NotificationsController.swift; sourceTree = "<group>"; };
		6123E6A12427B3ED00B43C85 /* ConversationsController.swift */ = {isa = PBXFileReference; lastKnownFileType = sourcecode.swift; path = ConversationsController.swift; sourceTree = "<group>"; };
		6123E6A32427BE8300B43C85 /* Extensions.swift */ = {isa = PBXFileReference; lastKnownFileType = sourcecode.swift; path = Extensions.swift; sourceTree = "<group>"; };
/* End PBXFileReference section */

/* Begin PBXFrameworksBuildPhase section */
		6123E6772427AFBB00B43C85 /* Frameworks */ = {
			isa = PBXFrameworksBuildPhase;
			buildActionMask = 2147483647;
			files = (
			);
			runOnlyForDeploymentPostprocessing = 0;
		};
/* End PBXFrameworksBuildPhase section */

/* Begin PBXGroup section */
		6123E6712427AFBB00B43C85 = {
			isa = PBXGroup;
			children = (
				6123E67C2427AFBB00B43C85 /* Twitter_Clone_App */,
				6123E67B2427AFBB00B43C85 /* Products */,
			);
			sourceTree = "<group>";
		};
		6123E67B2427AFBB00B43C85 /* Products */ = {
			isa = PBXGroup;
			children = (
				6123E67A2427AFBB00B43C85 /* Twitter_Clone_App.app */,
			);
			name = Products;
			sourceTree = "<group>";
		};
		6123E67C2427AFBB00B43C85 /* Twitter_Clone_App */ = {
			isa = PBXGroup;
			children = (
				6123E6982427B00000B43C85 /* Model */,
				6123E6972427AFFE00B43C85 /* View */,
				6123E6962427AFFD00B43C85 /* ViewModel */,
				6123E6952427AFFC00B43C85 /* Controller */,
				6123E6942427AFFB00B43C85 /* API */,
				6123E6912427AFE600B43C85 /* Utils */,
				6123E67D2427AFBB00B43C85 /* AppDelegate.swift */,
				6123E67F2427AFBB00B43C85 /* SceneDelegate.swift */,
				6123E6832427AFBB00B43C85 /* Main.storyboard */,
				6123E6862427AFBE00B43C85 /* Assets.xcassets */,
				6123E6882427AFBE00B43C85 /* LaunchScreen.storyboard */,
				6123E68B2427AFBE00B43C85 /* Info.plist */,
			);
			path = Twitter_Clone_App;
			sourceTree = "<group>";
		};
		6123E6912427AFE600B43C85 /* Utils */ = {
			isa = PBXGroup;
			children = (
				6123E6A32427BE8300B43C85 /* Extensions.swift */,
			);
			path = Utils;
			sourceTree = "<group>";
		};
		6123E6942427AFFB00B43C85 /* API */ = {
			isa = PBXGroup;
			children = (
			);
			path = API;
			sourceTree = "<group>";
		};
		6123E6952427AFFC00B43C85 /* Controller */ = {
			isa = PBXGroup;
			children = (
				6123E6992427B0B600B43C85 /* MainTabController.swift */,
				6123E69B2427B39A00B43C85 /* FeedController.swift */,
				6123E69D2427B3CB00B43C85 /* ExploreController.swift */,
				6123E69F2427B3DC00B43C85 /* NotificationsController.swift */,
				6123E6A12427B3ED00B43C85 /* ConversationsController.swift */,
			);
			path = Controller;
			sourceTree = "<group>";
		};
		6123E6962427AFFD00B43C85 /* ViewModel */ = {
			isa = PBXGroup;
			children = (
			);
			path = ViewModel;
			sourceTree = "<group>";
		};
		6123E6972427AFFE00B43C85 /* View */ = {
			isa = PBXGroup;
			children = (
			);
			path = View;
			sourceTree = "<group>";
		};
		6123E6982427B00000B43C85 /* Model */ = {
			isa = PBXGroup;
			children = (
			);
			path = Model;
			sourceTree = "<group>";
		};
/* End PBXGroup section */

/* Begin PBXNativeTarget section */
		6123E6792427AFBB00B43C85 /* Twitter_Clone_App */ = {
			isa = PBXNativeTarget;
			buildConfigurationList = 6123E68E2427AFBE00B43C85 /* Build configuration list for PBXNativeTarget "Twitter_Clone_App" */;
			buildPhases = (
				6123E6762427AFBB00B43C85 /* Sources */,
				6123E6772427AFBB00B43C85 /* Frameworks */,
				6123E6782427AFBB00B43C85 /* Resources */,
			);
			buildRules = (
			);
			dependencies = (
			);
			name = Twitter_Clone_App;
			productName = Twitter_Clone_App;
			productReference = 6123E67A2427AFBB00B43C85 /* Twitter_Clone_App.app */;
			productType = "com.apple.product-type.application";
		};
/* End PBXNativeTarget section */

/* Begin PBXProject section */
		6123E6722427AFBB00B43C85 /* Project object */ = {
			isa = PBXProject;
			attributes = {
				LastSwiftUpdateCheck = 1130;
				LastUpgradeCheck = 1130;
				ORGANIZATIONNAME = pino;
				TargetAttributes = {
					6123E6792427AFBB00B43C85 = {
						CreatedOnToolsVersion = 11.3.1;
					};
				};
			};
			buildConfigurationList = 6123E6752427AFBB00B43C85 /* Build configuration list for PBXProject "Twitter_Clone_App" */;
			compatibilityVersion = "Xcode 9.3";
			developmentRegion = en;
			hasScannedForEncodings = 0;
			knownRegions = (
				en,
				Base,
			);
			mainGroup = 6123E6712427AFBB00B43C85;
			productRefGroup = 6123E67B2427AFBB00B43C85 /* Products */;
			projectDirPath = "";
			projectRoot = "";
			targets = (
				6123E6792427AFBB00B43C85 /* Twitter_Clone_App */,
			);
		};
/* End PBXProject section */

/* Begin PBXResourcesBuildPhase section */
		6123E6782427AFBB00B43C85 /* Resources */ = {
			isa = PBXResourcesBuildPhase;
			buildActionMask = 2147483647;
			files = (
				6123E68A2427AFBE00B43C85 /* LaunchScreen.storyboard in Resources */,
				6123E6872427AFBE00B43C85 /* Assets.xcassets in Resources */,
				6123E6852427AFBB00B43C85 /* Main.storyboard in Resources */,
			);
			runOnlyForDeploymentPostprocessing = 0;
		};
/* End PBXResourcesBuildPhase section */

/* Begin PBXSourcesBuildPhase section */
		6123E6762427AFBB00B43C85 /* Sources */ = {
			isa = PBXSourcesBuildPhase;
			buildActionMask = 2147483647;
			files = (
				6123E6A02427B3DC00B43C85 /* NotificationsController.swift in Sources */,
				6123E6A22427B3ED00B43C85 /* ConversationsController.swift in Sources */,
				6123E67E2427AFBB00B43C85 /* AppDelegate.swift in Sources */,
				6123E6A42427BE8300B43C85 /* Extensions.swift in Sources */,
				6123E69E2427B3CB00B43C85 /* ExploreController.swift in Sources */,
				6123E6802427AFBB00B43C85 /* SceneDelegate.swift in Sources */,
				6123E69A2427B0B600B43C85 /* MainTabController.swift in Sources */,
				6123E69C2427B39A00B43C85 /* FeedController.swift in Sources */,
			);
			runOnlyForDeploymentPostprocessing = 0;
		};
/* End PBXSourcesBuildPhase section */

/* Begin PBXVariantGroup section */
		6123E6832427AFBB00B43C85 /* Main.storyboard */ = {
			isa = PBXVariantGroup;
			children = (
				6123E6842427AFBB00B43C85 /* Base */,
			);
			name = Main.storyboard;
			sourceTree = "<group>";
		};
		6123E6882427AFBE00B43C85 /* LaunchScreen.storyboard */ = {
			isa = PBXVariantGroup;
			children = (
				6123E6892427AFBE00B43C85 /* Base */,
			);
			name = LaunchScreen.storyboard;
			sourceTree = "<group>";
		};
/* End PBXVariantGroup section */

/* Begin XCBuildConfiguration section */
		6123E68C2427AFBE00B43C85 /* Debug */ = {
			isa = XCBuildConfiguration;
			buildSettings = {
				ALWAYS_SEARCH_USER_PATHS = NO;
				CLANG_ANALYZER_NONNULL = YES;
				CLANG_ANALYZER_NUMBER_OBJECT_CONVERSION = YES_AGGRESSIVE;
				CLANG_CXX_LANGUAGE_STANDARD = "gnu++14";
				CLANG_CXX_LIBRARY = "libc++";
				CLANG_ENABLE_MODULES = YES;
				CLANG_ENABLE_OBJC_ARC = YES;
				CLANG_ENABLE_OBJC_WEAK = YES;
				CLANG_WARN_BLOCK_CAPTURE_AUTORELEASING = YES;
				CLANG_WARN_BOOL_CONVERSION = YES;
				CLANG_WARN_COMMA = YES;
				CLANG_WARN_CONSTANT_CONVERSION = YES;
				CLANG_WARN_DEPRECATED_OBJC_IMPLEMENTATIONS = YES;
				CLANG_WARN_DIRECT_OBJC_ISA_USAGE = YES_ERROR;
				CLANG_WARN_DOCUMENTATION_COMMENTS = YES;
				CLANG_WARN_EMPTY_BODY = YES;
				CLANG_WARN_ENUM_CONVERSION = YES;
				CLANG_WARN_INFINITE_RECURSION = YES;
				CLANG_WARN_INT_CONVERSION = YES;
				CLANG_WARN_NON_LITERAL_NULL_CONVERSION = YES;
				CLANG_WARN_OBJC_IMPLICIT_RETAIN_SELF = YES;
				CLANG_WARN_OBJC_LITERAL_CONVERSION = YES;
				CLANG_WARN_OBJC_ROOT_CLASS = YES_ERROR;
				CLANG_WARN_RANGE_LOOP_ANALYSIS = YES;
				CLANG_WARN_STRICT_PROTOTYPES = YES;
				CLANG_WARN_SUSPICIOUS_MOVE = YES;
				CLANG_WARN_UNGUARDED_AVAILABILITY = YES_AGGRESSIVE;
				CLANG_WARN_UNREACHABLE_CODE = YES;
				CLANG_WARN__DUPLICATE_METHOD_MATCH = YES;
				COPY_PHASE_STRIP = NO;
				DEBUG_INFORMATION_FORMAT = dwarf;
				ENABLE_STRICT_OBJC_MSGSEND = YES;
				ENABLE_TESTABILITY = YES;
				GCC_C_LANGUAGE_STANDARD = gnu11;
				GCC_DYNAMIC_NO_PIC = NO;
				GCC_NO_COMMON_BLOCKS = YES;
				GCC_OPTIMIZATION_LEVEL = 0;
				GCC_PREPROCESSOR_DEFINITIONS = (
					"DEBUG=1",
					"$(inherited)",
				);
				GCC_WARN_64_TO_32_BIT_CONVERSION = YES;
				GCC_WARN_ABOUT_RETURN_TYPE = YES_ERROR;
				GCC_WARN_UNDECLARED_SELECTOR = YES;
				GCC_WARN_UNINITIALIZED_AUTOS = YES_AGGRESSIVE;
				GCC_WARN_UNUSED_FUNCTION = YES;
				GCC_WARN_UNUSED_VARIABLE = YES;
				IPHONEOS_DEPLOYMENT_TARGET = 13.2;
				MTL_ENABLE_DEBUG_INFO = INCLUDE_SOURCE;
				MTL_FAST_MATH = YES;
				ONLY_ACTIVE_ARCH = YES;
				SDKROOT = iphoneos;
				SWIFT_ACTIVE_COMPILATION_CONDITIONS = DEBUG;
				SWIFT_OPTIMIZATION_LEVEL = "-Onone";
			};
			name = Debug;
		};
		6123E68D2427AFBE00B43C85 /* Release */ = {
			isa = XCBuildConfiguration;
			buildSettings = {
				ALWAYS_SEARCH_USER_PATHS = NO;
				CLANG_ANALYZER_NONNULL = YES;
				CLANG_ANALYZER_NUMBER_OBJECT_CONVERSION = YES_AGGRESSIVE;
				CLANG_CXX_LANGUAGE_STANDARD = "gnu++14";
				CLANG_CXX_LIBRARY = "libc++";
				CLANG_ENABLE_MODULES = YES;
				CLANG_ENABLE_OBJC_ARC = YES;
				CLANG_ENABLE_OBJC_WEAK = YES;
				CLANG_WARN_BLOCK_CAPTURE_AUTORELEASING = YES;
				CLANG_WARN_BOOL_CONVERSION = YES;
				CLANG_WARN_COMMA = YES;
				CLANG_WARN_CONSTANT_CONVERSION = YES;
				CLANG_WARN_DEPRECATED_OBJC_IMPLEMENTATIONS = YES;
				CLANG_WARN_DIRECT_OBJC_ISA_USAGE = YES_ERROR;
				CLANG_WARN_DOCUMENTATION_COMMENTS = YES;
				CLANG_WARN_EMPTY_BODY = YES;
				CLANG_WARN_ENUM_CONVERSION = YES;
				CLANG_WARN_INFINITE_RECURSION = YES;
				CLANG_WARN_INT_CONVERSION = YES;
				CLANG_WARN_NON_LITERAL_NULL_CONVERSION = YES;
				CLANG_WARN_OBJC_IMPLICIT_RETAIN_SELF = YES;
				CLANG_WARN_OBJC_LITERAL_CONVERSION = YES;
				CLANG_WARN_OBJC_ROOT_CLASS = YES_ERROR;
				CLANG_WARN_RANGE_LOOP_ANALYSIS = YES;
				CLANG_WARN_STRICT_PROTOTYPES = YES;
				CLANG_WARN_SUSPICIOUS_MOVE = YES;
				CLANG_WARN_UNGUARDED_AVAILABILITY = YES_AGGRESSIVE;
				CLANG_WARN_UNREACHABLE_CODE = YES;
				CLANG_WARN__DUPLICATE_METHOD_MATCH = YES;
				COPY_PHASE_STRIP = NO;
				DEBUG_INFORMATION_FORMAT = "dwarf-with-dsym";
				ENABLE_NS_ASSERTIONS = NO;
				ENABLE_STRICT_OBJC_MSGSEND = YES;
				GCC_C_LANGUAGE_STANDARD = gnu11;
				GCC_NO_COMMON_BLOCKS = YES;
				GCC_WARN_64_TO_32_BIT_CONVERSION = YES;
				GCC_WARN_ABOUT_RETURN_TYPE = YES_ERROR;
				GCC_WARN_UNDECLARED_SELECTOR = YES;
				GCC_WARN_UNINITIALIZED_AUTOS = YES_AGGRESSIVE;
				GCC_WARN_UNUSED_FUNCTION = YES;
				GCC_WARN_UNUSED_VARIABLE = YES;
				IPHONEOS_DEPLOYMENT_TARGET = 13.2;
				MTL_ENABLE_DEBUG_INFO = NO;
				MTL_FAST_MATH = YES;
				SDKROOT = iphoneos;
				SWIFT_COMPILATION_MODE = wholemodule;
				SWIFT_OPTIMIZATION_LEVEL = "-O";
				VALIDATE_PRODUCT = YES;
			};
			name = Release;
		};
		6123E68F2427AFBE00B43C85 /* Debug */ = {
			isa = XCBuildConfiguration;
			buildSettings = {
				ASSETCATALOG_COMPILER_APPICON_NAME = AppIcon;
				CODE_SIGN_STYLE = Automatic;
				DEVELOPMENT_TEAM = 7F7W8C3A76;
				INFOPLIST_FILE = Twitter_Clone_App/Info.plist;
				LD_RUNPATH_SEARCH_PATHS = (
					"$(inherited)",
					"@executable_path/Frameworks",
				);
				PRODUCT_BUNDLE_IDENTIFIER = "io.github.92pino.Twitter-Clone-App";
				PRODUCT_NAME = "$(TARGET_NAME)";
				SWIFT_VERSION = 5.0;
				TARGETED_DEVICE_FAMILY = "1,2";
			};
			name = Debug;
		};
		6123E6902427AFBE00B43C85 /* Release */ = {
			isa = XCBuildConfiguration;
			buildSettings = {
				ASSETCATALOG_COMPILER_APPICON_NAME = AppIcon;
				CODE_SIGN_STYLE = Automatic;
				DEVELOPMENT_TEAM = 7F7W8C3A76;
				INFOPLIST_FILE = Twitter_Clone_App/Info.plist;
				LD_RUNPATH_SEARCH_PATHS = (
					"$(inherited)",
					"@executable_path/Frameworks",
				);
				PRODUCT_BUNDLE_IDENTIFIER = "io.github.92pino.Twitter-Clone-App";
				PRODUCT_NAME = "$(TARGET_NAME)";
				SWIFT_VERSION = 5.0;
				TARGETED_DEVICE_FAMILY = "1,2";
			};
			name = Release;
		};
/* End XCBuildConfiguration section */

/* Begin XCConfigurationList section */
		6123E6752427AFBB00B43C85 /* Build configuration list for PBXProject "Twitter_Clone_App" */ = {
			isa = XCConfigurationList;
			buildConfigurations = (
				6123E68C2427AFBE00B43C85 /* Debug */,
				6123E68D2427AFBE00B43C85 /* Release */,
			);
			defaultConfigurationIsVisible = 0;
			defaultConfigurationName = Release;
		};
		6123E68E2427AFBE00B43C85 /* Build configuration list for PBXNativeTarget "Twitter_Clone_App" */ = {
			isa = XCConfigurationList;
			buildConfigurations = (
				6123E68F2427AFBE00B43C85 /* Debug */,
				6123E6902427AFBE00B43C85 /* Release */,
			);
			defaultConfigurationIsVisible = 0;
			defaultConfigurationName = Release;
		};
/* End XCConfigurationList section */
	};
	rootObject = 6123E6722427AFBB00B43C85 /* Project object */;
}
